
Microsoft Visual Studio Solution File, Format Version 12.00
# Visual Studio Version 16
VisualStudioVersion = 16.0.30523.141
MinimumVisualStudioVersion = 10.0.40219.1
Project("{9A19103F-16F7-4668-BE54-9A1E7A4F7556}") = "TarkovMarket", "TarkovMarket\TarkovMarket.csproj", "{DEC5A619-CB93-430A-A254-440A57550B32}"
EndProject
Global
	GlobalSection(SolutionConfigurationPlatforms) = preSolution
		Debug|Any CPU = Debug|Any CPU
		Release|Any CPU = Release|Any CPU
	EndGlobalSection
	GlobalSection(ProjectConfigurationPlatforms) = postSolution
		{DEC5A619-CB93-430A-A254-440A57550B32}.Debug|Any CPU.ActiveCfg = Debug|Any CPU
		{DEC5A619-CB93-430A-A254-440A57550B32}.Debug|Any CPU.Build.0 = Debug|Any CPU
		{DEC5A619-CB93-430A-A254-440A57550B32}.Release|Any CPU.ActiveCfg = Release|Any CPU
		{DEC5A619-CB93-430A-A254-440A57550B32}.Release|Any CPU.Build.0 = Release|Any CPU
	EndGlobalSection
	GlobalSection(SolutionProperties) = preSolution
		HideSolutionNode = FALSE
	EndGlobalSection
	GlobalSection(ExtensibilityGlobals) = postSolution
		SolutionGuid = {BC512C91-6D7C-47E3-807B-24FEA7EF3B96}
	EndGlobalSection
EndGlobal
